// !$*UTF8*$!
{
	archiveVersion = 1;
	classes = {
	};
	objectVersion = 46;
	objects = {

/* Begin PBXBuildFile section */
		28A9F5871D9EE0A100B1B865 /* main.m in Sources */ = {isa = PBXBuildFile; fileRef = 28A9F5861D9EE0A100B1B865 /* main.m */; };
		28A9F58A1D9EE0A100B1B865 /* AppDelegate.m in Sources */ = {isa = PBXBuildFile; fileRef = 28A9F5891D9EE0A100B1B865 /* AppDelegate.m */; };
		28A9F58D1D9EE0A100B1B865 /* ViewController.m in Sources */ = {isa = PBXBuildFile; fileRef = 28A9F58C1D9EE0A100B1B865 /* ViewController.m */; };
		28A9F5901D9EE0A100B1B865 /* Main.storyboard in Resources */ = {isa = PBXBuildFile; fileRef = 28A9F58E1D9EE0A100B1B865 /* Main.storyboard */; };
		28A9F5921D9EE0A100B1B865 /* Assets.xcassets in Resources */ = {isa = PBXBuildFile; fileRef = 28A9F5911D9EE0A100B1B865 /* Assets.xcassets */; };
		28A9F5951D9EE0A100B1B865 /* LaunchScreen.storyboard in Resources */ = {isa = PBXBuildFile; fileRef = 28A9F5931D9EE0A100B1B865 /* LaunchScreen.storyboard */; };
		55A85AA43A043AC34DFF78BF /* libPods-RealmIntro.a in Frameworks */ = {isa = PBXBuildFile; fileRef = E8E4F60F59A0B6A45642A099 /* libPods-RealmIntro.a */; };
/* End PBXBuildFile section */

/* Begin PBXFileReference section */
		28A9F5821D9EE0A100B1B865 /* RealmIntro.app */ = {isa = PBXFileReference; explicitFileType = wrapper.application; includeInIndex = 0; path = RealmIntro.app; sourceTree = BUILT_PRODUCTS_DIR; };
		28A9F5861D9EE0A100B1B865 /* main.m */ = {isa = PBXFileReference; lastKnownFileType = sourcecode.c.objc; path = main.m; sourceTree = "<group>"; };
		28A9F5881D9EE0A100B1B865 /* AppDelegate.h */ = {isa = PBXFileReference; lastKnownFileType = sourcecode.c.h; path = AppDelegate.h; sourceTree = "<group>"; };
		28A9F5891D9EE0A100B1B865 /* AppDelegate.m */ = {isa = PBXFileReference; lastKnownFileType = sourcecode.c.objc; path = AppDelegate.m; sourceTree = "<group>"; };
		28A9F58B1D9EE0A100B1B865 /* ViewController.h */ = {isa = PBXFileReference; lastKnownFileType = sourcecode.c.h; path = ViewController.h; sourceTree = "<group>"; };
		28A9F58C1D9EE0A100B1B865 /* ViewController.m */ = {isa = PBXFileReference; lastKnownFileType = sourcecode.c.objc; path = ViewController.m; sourceTree = "<group>"; };
		28A9F58F1D9EE0A100B1B865 /* Base */ = {isa = PBXFileReference; lastKnownFileType = file.storyboard; name = Base; path = Base.lproj/Main.storyboard; sourceTree = "<group>"; };
		28A9F5911D9EE0A100B1B865 /* Assets.xcassets */ = {isa = PBXFileReference; lastKnownFileType = folder.assetcatalog; path = Assets.xcassets; sourceTree = "<group>"; };
		28A9F5941D9EE0A100B1B865 /* Base */ = {isa = PBXFileReference; lastKnownFileType = file.storyboard; name = Base; path = Base.lproj/LaunchScreen.storyboard; sourceTree = "<group>"; };
		28A9F5961D9EE0A100B1B865 /* Info.plist */ = {isa = PBXFileReference; lastKnownFileType = text.plist.xml; path = Info.plist; sourceTree = "<group>"; };
		6AC98AA2F559EA082A8414C3 /* Pods-RealmIntro.release.xcconfig */ = {isa = PBXFileReference; includeInIndex = 1; lastKnownFileType = text.xcconfig; name = "Pods-RealmIntro.release.xcconfig"; path = "Pods/Target Support Files/Pods-RealmIntro/Pods-RealmIntro.release.xcconfig"; sourceTree = "<group>"; };
		E8E4F60F59A0B6A45642A099 /* libPods-RealmIntro.a */ = {isa = PBXFileReference; explicitFileType = archive.ar; includeInIndex = 0; path = "libPods-RealmIntro.a"; sourceTree = BUILT_PRODUCTS_DIR; };
		FDEF57BFB702580887BB4D75 /* Pods-RealmIntro.debug.xcconfig */ = {isa = PBXFileReference; includeInIndex = 1; lastKnownFileType = text.xcconfig; name = "Pods-RealmIntro.debug.xcconfig"; path = "Pods/Target Support Files/Pods-RealmIntro/Pods-RealmIntro.debug.xcconfig"; sourceTree = "<group>"; };
/* End PBXFileReference section */

/* Begin PBXFrameworksBuildPhase section */
		28A9F57F1D9EE0A100B1B865 /* Frameworks */ = {
			isa = PBXFrameworksBuildPhase;
			buildActionMask = 2147483647;
			files = (
				55A85AA43A043AC34DFF78BF /* libPods-RealmIntro.a in Frameworks */,
			);
			runOnlyForDeploymentPostprocessing = 0;
		};
/* End PBXFrameworksBuildPhase section */

/* Begin PBXGroup section */
		28A9F5791D9EE0A100B1B865 = {
			isa = PBXGroup;
			children = (
				28A9F5841D9EE0A100B1B865 /* RealmIntro */,
				28A9F5831D9EE0A100B1B865 /* Products */,
				EEDED69AC1B84D7D3C8D81D2 /* Pods */,
				D41B5749C40F72373EE8FADA /* Frameworks */,
			);
			sourceTree = "<group>";
		};
		28A9F5831D9EE0A100B1B865 /* Products */ = {
			isa = PBXGroup;
			children = (
				28A9F5821D9EE0A100B1B865 /* RealmIntro.app */,
			);
			name = Products;
			sourceTree = "<group>";
		};
		28A9F5841D9EE0A100B1B865 /* RealmIntro */ = {
			isa = PBXGroup;
			children = (
				28A9F5881D9EE0A100B1B865 /* AppDelegate.h */,
				28A9F5891D9EE0A100B1B865 /* AppDelegate.m */,
				28A9F58B1D9EE0A100B1B865 /* ViewController.h */,
				28A9F58C1D9EE0A100B1B865 /* ViewController.m */,
				28A9F58E1D9EE0A100B1B865 /* Main.storyboard */,
				28A9F5911D9EE0A100B1B865 /* Assets.xcassets */,
				28A9F5931D9EE0A100B1B865 /* LaunchScreen.storyboard */,
				28A9F5961D9EE0A100B1B865 /* Info.plist */,
				28A9F5851D9EE0A100B1B865 /* Supporting Files */,
			);
			path = RealmIntro;
			sourceTree = "<group>";
		};
		28A9F5851D9EE0A100B1B865 /* Supporting Files */ = {
			isa = PBXGroup;
			children = (
				28A9F5861D9EE0A100B1B865 /* main.m */,
			);
			name = "Supporting Files";
			sourceTree = "<group>";
		};
		D41B5749C40F72373EE8FADA /* Frameworks */ = {
			isa = PBXGroup;
			children = (
				E8E4F60F59A0B6A45642A099 /* libPods-RealmIntro.a */,
			);
			name = Frameworks;
			sourceTree = "<group>";
		};
		EEDED69AC1B84D7D3C8D81D2 /* Pods */ = {
			isa = PBXGroup;
			children = (
				FDEF57BFB702580887BB4D75 /* Pods-RealmIntro.debug.xcconfig */,
				6AC98AA2F559EA082A8414C3 /* Pods-RealmIntro.release.xcconfig */,
			);
			name = Pods;
			sourceTree = "<group>";
		};
/* End PBXGroup section */

/* Begin PBXNativeTarget section */
		28A9F5811D9EE0A100B1B865 /* RealmIntro */ = {
			isa = PBXNativeTarget;
			buildConfigurationList = 28A9F5991D9EE0A100B1B865 /* Build configuration list for PBXNativeTarget "RealmIntro" */;
			buildPhases = (
				D21E252A324F969F1EA272C2 /* [CP] Check Pods Manifest.lock */,
				28A9F57E1D9EE0A100B1B865 /* Sources */,
				28A9F57F1D9EE0A100B1B865 /* Frameworks */,
				28A9F5801D9EE0A100B1B865 /* Resources */,
				FA69AC3547226691194BCA02 /* [CP] Embed Pods Frameworks */,
				4815A17AED322DF4301BAB7D /* [CP] Copy Pods Resources */,
			);
			buildRules = (
			);
			dependencies = (
			);
			name = RealmIntro;
			productName = RealmIntro;
			productReference = 28A9F5821D9EE0A100B1B865 /* RealmIntro.app */;
			productType = "com.apple.product-type.application";
		};
/* End PBXNativeTarget section */

/* Begin PBXProject section */
		28A9F57A1D9EE0A100B1B865 /* Project object */ = {
			isa = PBXProject;
			attributes = {
				LastUpgradeCheck = 0800;
				ORGANIZATIONNAME = "Shaun Campbell";
				TargetAttributes = {
					28A9F5811D9EE0A100B1B865 = {
						CreatedOnToolsVersion = 8.0;
						ProvisioningStyle = Automatic;
					};
				};
			};
			buildConfigurationList = 28A9F57D1D9EE0A100B1B865 /* Build configuration list for PBXProject "RealmIntro" */;
			compatibilityVersion = "Xcode 3.2";
			developmentRegion = English;
			hasScannedForEncodings = 0;
			knownRegions = (
				en,
				Base,
			);
			mainGroup = 28A9F5791D9EE0A100B1B865;
			productRefGroup = 28A9F5831D9EE0A100B1B865 /* Products */;
			projectDirPath = "";
			projectRoot = "";
			targets = (
				28A9F5811D9EE0A100B1B865 /* RealmIntro */,
			);
		};
/* End PBXProject section */

/* Begin PBXResourcesBuildPhase section */
		28A9F5801D9EE0A100B1B865 /* Resources */ = {
			isa = PBXResourcesBuildPhase;
			buildActionMask = 2147483647;
			files = (
				28A9F5951D9EE0A100B1B865 /* LaunchScreen.storyboard in Resources */,
				28A9F5921D9EE0A100B1B865 /* Assets.xcassets in Resources */,
				28A9F5901D9EE0A100B1B865 /* Main.storyboard in Resources */,
			);
			runOnlyForDeploymentPostprocessing = 0;
		};
/* End PBXResourcesBuildPhase section */

/* Begin PBXShellScriptBuildPhase section */
		4815A17AED322DF4301BAB7D /* [CP] Copy Pods Resources */ = {
			isa = PBXShellScriptBuildPhase;
			buildActionMask = 2147483647;
			files = (
			);
			inputPaths = (
			);
			name = "[CP] Copy Pods Resources";
			outputPaths = (
			);
			runOnlyForDeploymentPostprocessing = 0;
			shellPath = /bin/sh;
			shellScript = "\"${SRCROOT}/Pods/Target Support Files/Pods-RealmIntro/Pods-RealmIntro-resources.sh\"\n";
			showEnvVarsInLog = 0;
		};
		D21E252A324F969F1EA272C2 /* [CP] Check Pods Manifest.lock */ = {
			isa = PBXShellScriptBuildPhase;
			buildActionMask = 2147483647;
			files = (
			);
			inputPaths = (
			);
			name = "[CP] Check Pods Manifest.lock";
			outputPaths = (
			);
			runOnlyForDeploymentPostprocessing = 0;
			shellPath = /bin/sh;
			shellScript = "diff \"${PODS_ROOT}/../Podfile.lock\" \"${PODS_ROOT}/Manifest.lock\" > /dev/null\nif [ $? != 0 ] ; then\n    # print error to STDERR\n    echo \"error: The sandbox is not in sync with the Podfile.lock. Run 'pod install' or update your CocoaPods installation.\" >&2\n    exit 1\nfi\n";
			showEnvVarsInLog = 0;
		};
		FA69AC3547226691194BCA02 /* [CP] Embed Pods Frameworks */ = {
			isa = PBXShellScriptBuildPhase;
			buildActionMask = 2147483647;
			files = (
			);
			inputPaths = (
			);
			name = "[CP] Embed Pods Frameworks";
			outputPaths = (
			);
			runOnlyForDeploymentPostprocessing = 0;
			shellPath = /bin/sh;
			shellScript = "\"${SRCROOT}/Pods/Target Support Files/Pods-RealmIntro/Pods-RealmIntro-frameworks.sh\"\n";
			showEnvVarsInLog = 0;
		};
/* End PBXShellScriptBuildPhase section */

/* Begin PBXSourcesBuildPhase section */
		28A9F57E1D9EE0A100B1B865 /* Sources */ = {
			isa = PBXSourcesBuildPhase;
			buildActionMask = 2147483647;
			files = (
				28A9F58D1D9EE0A100B1B865 /* ViewController.m in Sources */,
				28A9F58A1D9EE0A100B1B865 /* AppDelegate.m in Sources */,
				28A9F5871D9EE0A100B1B865 /* main.m in Sources */,
			);
			runOnlyForDeploymentPostprocessing = 0;
		};
/* End PBXSourcesBuildPhase section */

/* Begin PBXVariantGroup section */
		28A9F58E1D9EE0A100B1B865 /* Main.storyboard */ = {
			isa = PBXVariantGroup;
			children = (
				28A9F58F1D9EE0A100B1B865 /* Base */,
			);
			name = Main.storyboard;
			sourceTree = "<group>";
		};
		28A9F5931D9EE0A100B1B865 /* LaunchScreen.storyboard */ = {
			isa = PBXVariantGroup;
			children = (
				28A9F5941D9EE0A100B1B865 /* Base */,
			);
			name = LaunchScreen.storyboard;
			sourceTree = "<group>";
		};
/* End PBXVariantGroup section */

/* Begin XCBuildConfiguration section */
		28A9F5971D9EE0A100B1B865 /* Debug */ = {
			isa = XCBuildConfiguration;
			buildSettings = {
				ALWAYS_SEARCH_USER_PATHS = NO;
				CLANG_ANALYZER_NONNULL = YES;
				CLANG_CXX_LANGUAGE_STANDARD = "gnu++0x";
				CLANG_CXX_LIBRARY = "libc++";
				CLANG_ENABLE_MODULES = YES;
				CLANG_ENABLE_OBJC_ARC = YES;
				CLANG_WARN_BOOL_CONVERSION = YES;
				CLANG_WARN_CONSTANT_CONVERSION = YES;
				CLANG_WARN_DIRECT_OBJC_ISA_USAGE = YES_ERROR;
				CLANG_WARN_DOCUMENTATION_COMMENTS = YES;
				CLANG_WARN_EMPTY_BODY = YES;
				CLANG_WARN_ENUM_CONVERSION = YES;
				CLANG_WARN_INFINITE_RECURSION = YES;
				CLANG_WARN_INT_CONVERSION = YES;
				CLANG_WARN_OBJC_ROOT_CLASS = YES_ERROR;
				CLANG_WARN_SUSPICIOUS_MOVES = YES;
				CLANG_WARN_UNREACHABLE_CODE = YES;
				CLANG_WARN__DUPLICATE_METHOD_MATCH = YES;
				"CODE_SIGN_IDENTITY[sdk=iphoneos*]" = "iPhone Developer";
				COPY_PHASE_STRIP = NO;
				DEBUG_INFORMATION_FORMAT = dwarf;
				ENABLE_STRICT_OBJC_MSGSEND = YES;
				ENABLE_TESTABILITY = YES;
				GCC_C_LANGUAGE_STANDARD = gnu99;
				GCC_DYNAMIC_NO_PIC = NO;
				GCC_NO_COMMON_BLOCKS = YES;
				GCC_OPTIMIZATION_LEVEL = 0;
				GCC_PREPROCESSOR_DEFINITIONS = (
					"DEBUG=1",
					"$(inherited)",
				);
				GCC_WARN_64_TO_32_BIT_CONVERSION = YES;
				GCC_WARN_ABOUT_RETURN_TYPE = YES_ERROR;
				GCC_WARN_UNDECLARED_SELECTOR = YES;
				GCC_WARN_UNINITIALIZED_AUTOS = YES_AGGRESSIVE;
				GCC_WARN_UNUSED_FUNCTION = YES;
				GCC_WARN_UNUSED_VARIABLE = YES;
				IPHONEOS_DEPLOYMENT_TARGET = 10.0;
				MTL_ENABLE_DEBUG_INFO = YES;
				ONLY_ACTIVE_ARCH = YES;
				SDKROOT = iphoneos;
			};
			name = Debug;
		};
		28A9F5981D9EE0A100B1B865 /* Release */ = {
			isa = XCBuildConfiguration;
			buildSettings = {
				ALWAYS_SEARCH_USER_PATHS = NO;
				CLANG_ANALYZER_NONNULL = YES;
				CLANG_CXX_LANGUAGE_STANDARD = "gnu++0x";
				CLANG_CXX_LIBRARY = "libc++";
				CLANG_ENABLE_MODULES = YES;
				CLANG_ENABLE_OBJC_ARC = YES;
				CLANG_WARN_BOOL_CONVERSION = YES;
				CLANG_WARN_CONSTANT_CONVERSION = YES;
				CLANG_WARN_DIRECT_OBJC_ISA_USAGE = YES_ERROR;
				CLANG_WARN_DOCUMENTATION_COMMENTS = YES;
				CLANG_WARN_EMPTY_BODY = YES;
				CLANG_WARN_ENUM_CONVERSION = YES;
				CLANG_WARN_INFINITE_RECURSION = YES;
				CLANG_WARN_INT_CONVERSION = YES;
				CLANG_WARN_OBJC_ROOT_CLASS = YES_ERROR;
				CLANG_WARN_SUSPICIOUS_MOVES = YES;
				CLANG_WARN_UNREACHABLE_CODE = YES;
				CLANG_WARN__DUPLICATE_METHOD_MATCH = YES;
				"CODE_SIGN_IDENTITY[sdk=iphoneos*]" = "iPhone Developer";
				COPY_PHASE_STRIP = NO;
				DEBUG_INFORMATION_FORMAT = "dwarf-with-dsym";
				ENABLE_NS_ASSERTIONS = NO;
				ENABLE_STRICT_OBJC_MSGSEND = YES;
				GCC_C_LANGUAGE_STANDARD = gnu99;
				GCC_NO_COMMON_BLOCKS = YES;
				GCC_WARN_64_TO_32_BIT_CONVERSION = YES;
				GCC_WARN_ABOUT_RETURN_TYPE = YES_ERROR;
				GCC_WARN_UNDECLARED_SELECTOR = YES;
				GCC_WARN_UNINITIALIZED_AUTOS = YES_AGGRESSIVE;
				GCC_WARN_UNUSED_FUNCTION = YES;
				GCC_WARN_UNUSED_VARIABLE = YES;
				IPHONEOS_DEPLOYMENT_TARGET = 10.0;
				MTL_ENABLE_DEBUG_INFO = NO;
				SDKROOT = iphoneos;
				VALIDATE_PRODUCT = YES;
			};
			name = Release;
		};
		28A9F59A1D9EE0A100B1B865 /* Debug */ = {
			isa = XCBuildConfiguration;
			baseConfigurationReference = FDEF57BFB702580887BB4D75 /* Pods-RealmIntro.debug.xcconfig */;
			buildSettings = {
				ASSETCATALOG_COMPILER_APPICON_NAME = AppIcon;
				INFOPLIST_FILE = RealmIntro/Info.plist;
				LD_RUNPATH_SEARCH_PATHS = "$(inherited) @executable_path/Frameworks";
				PRODUCT_BUNDLE_IDENTIFIER = com.shauntc.RealmIntro;
				PRODUCT_NAME = "$(TARGET_NAME)";
			};
			name = Debug;
		};
		28A9F59B1D9EE0A100B1B865 /* Release */ = {
			isa = XCBuildConfiguration;
			baseConfigurationReference = 6AC98AA2F559EA082A8414C3 /* Pods-RealmIntro.release.xcconfig */;
			buildSettings = {
				ASSETCATALOG_COMPILER_APPICON_NAME = AppIcon;
				INFOPLIST_FILE = RealmIntro/Info.plist;
				LD_RUNPATH_SEARCH_PATHS = "$(inherited) @executable_path/Frameworks";
				PRODUCT_BUNDLE_IDENTIFIER = com.shauntc.RealmIntro;
				PRODUCT_NAME = "$(TARGET_NAME)";
			};
			name = Release;
		};
/* End XCBuildConfiguration section */

/* Begin XCConfigurationList section */
		28A9F57D1D9EE0A100B1B865 /* Build configuration list for PBXProject "RealmIntro" */ = {
			isa = XCConfigurationList;
			buildConfigurations = (
				28A9F5971D9EE0A100B1B865 /* Debug */,
				28A9F5981D9EE0A100B1B865 /* Release */,
			);
			defaultConfigurationIsVisible = 0;
			defaultConfigurationName = Release;
		};
		28A9F5991D9EE0A100B1B865 /* Build configuration list for PBXNativeTarget "RealmIntro" */ = {
			isa = XCConfigurationList;
			buildConfigurations = (
				28A9F59A1D9EE0A100B1B865 /* Debug */,
				28A9F59B1D9EE0A100B1B865 /* Release */,
			);
			defaultConfigurationIsVisible = 0;
			defaultConfigurationName = Release;
		};
/* End XCConfigurationList section */
	};
	rootObject = 28A9F57A1D9EE0A100B1B865 /* Project object */;
}
